Microsoft Visual Studio Solution File, Format Version 11.00
# Visual Studio 2008

Project("{C38C8D94-CB70-6AD9-5646-77B8726410F4}") = "TerritoryTapper", "Assembly-CSharp.csproj", "{76263287-B744-202E-8690-93F3F5A8C48E}"
EndProject
Global
	GlobalSection(SolutionConfigurationPlatforms) = preSolution
		Debug|Any CPU = Debug|Any CPU
		Release|Any CPU = Release|Any CPU
	EndGlobalSection
	GlobalSection(ProjectConfigurationPlatforms) = postSolution
		{76263287-B744-202E-8690-93F3F5A8C48E}.Debug|Any CPU.ActiveCfg = Debug|Any CPU
		{76263287-B744-202E-8690-93F3F5A8C48E}.Debug|Any CPU.Build.0 = Debug|Any CPU
		{76263287-B744-202E-8690-93F3F5A8C48E}.Release|Any CPU.ActiveCfg = Release|Any CPU
		{76263287-B744-202E-8690-93F3F5A8C48E}.Release|Any CPU.Build.0 = Release|Any CPU
	EndGlobalSection
	GlobalSection(SolutionProperties) = preSolution
		HideSolutionNode = FALSE
	EndGlobalSection
	GlobalSection(MonoDevelopProperties) = preSolution
		StartupItem = Assembly-CSharp.csproj
	EndGlobalSection
EndGlobal
